
Microsoft Visual Studio Solution File, Format Version 12.00
# Visual Studio 2013
VisualStudioVersion = 12.0.21005.1
MinimumVisualStudioVersion = 10.0.40219.1
Project("{FAE04EC0-301F-11D3-BF4B-00C04F79EFBC}") = "Parcial2_2531352018", "Parcial2_2531352018\Parcial2_2531352018.csproj", "{1DC816EF-36C5-41D6-804A-4CEFE783EA44}"
EndProject
Project("{FAE04EC0-301F-11D3-BF4B-00C04F79EFBC}") = "ClassLibrary1", "ClassLibrary1\ClassLibrary1.csproj", "{7028B195-07D3-4BEE-BDFF-B6C99682AD90}"
EndProject
Global
	GlobalSection(SolutionConfigurationPlatforms) = preSolution
		Debug|Any CPU = Debug|Any CPU
		Release|Any CPU = Release|Any CPU
	EndGlobalSection
	GlobalSection(ProjectConfigurationPlatforms) = postSolution
		{1DC816EF-36C5-41D6-804A-4CEFE783EA44}.Debug|Any CPU.ActiveCfg = Debug|Any CPU
		{1DC816EF-36C5-41D6-804A-4CEFE783EA44}.Debug|Any CPU.Build.0 = Debug|Any CPU
		{1DC816EF-36C5-41D6-804A-4CEFE783EA44}.Release|Any CPU.ActiveCfg = Release|Any CPU
		{1DC816EF-36C5-41D6-804A-4CEFE783EA44}.Release|Any CPU.Build.0 = Release|Any CPU
		{7028B195-07D3-4BEE-BDFF-B6C99682AD90}.Debug|Any CPU.ActiveCfg = Debug|Any CPU
		{7028B195-07D3-4BEE-BDFF-B6C99682AD90}.Debug|Any CPU.Build.0 = Debug|Any CPU
		{7028B195-07D3-4BEE-BDFF-B6C99682AD90}.Release|Any CPU.ActiveCfg = Release|Any CPU
		{7028B195-07D3-4BEE-BDFF-B6C99682AD90}.Release|Any CPU.Build.0 = Release|Any CPU
	EndGlobalSection
	GlobalSection(SolutionProperties) = preSolution
		HideSolutionNode = FALSE
	EndGlobalSection
EndGlobal
